
Microsoft Visual Studio Solution File, Format Version 12.00
# Visual Studio Version 16
VisualStudioVersion = 16.0.29905.134
MinimumVisualStudioVersion = 10.0.40219.1
Project("{9A19103F-16F7-4668-BE54-9A1E7A4F7556}") = "FlightStreamDeck.AddOn", "FlightStreamDeck.AddOn\FlightStreamDeck.AddOn.csproj", "{42B9357C-1C8F-4CE1-8004-87FD9BA5D1D8}"
EndProject
Project("{9A19103F-16F7-4668-BE54-9A1E7A4F7556}") = "FlightStreamDeck.Logics", "FlightStreamDeck.Logics\FlightStreamDeck.Logics.csproj", "{24CC2B15-4D4D-488C-8B42-B1B7F489BF33}"
EndProject
Project("{2150E333-8FDC-42A3-9474-1A3956D46DE8}") = "Solution Items", "Solution Items", "{A33D2176-6EEB-4C53-8282-8130D42C0198}"
	ProjectSection(SolutionItems) = preProject
		build.bat = build.bat
		README.md = README.md
		docs\USERGUIDE.md = docs\USERGUIDE.md
	EndProjectSection
EndProject
Project("{9A19103F-16F7-4668-BE54-9A1E7A4F7556}") = "FlightStreamDeck.SimConnectFSX", "FlightStreamDeck.SimConnectFSX\FlightStreamDeck.SimConnectFSX.csproj", "{3354971D-4772-4364-843F-A3CF91BC71B2}"
EndProject
Project("{9A19103F-16F7-4668-BE54-9A1E7A4F7556}") = "FlightStreamDeck.Core", "FlightStreamDeck.Core\FlightStreamDeck.Core.csproj", "{420BC793-FAC4-458A-8AB8-5E6674AF8D39}"
EndProject
Project("{9A19103F-16F7-4668-BE54-9A1E7A4F7556}") = "FlightStreamDeck.LogicsTests", "FlightStreamDeck.LogicsTests\FlightStreamDeck.LogicsTests.csproj", "{2476F8A1-5018-414A-AF30-D75C7B189C25}"
EndProject
Global
	GlobalSection(SolutionConfigurationPlatforms) = preSolution
		Debug|Any CPU = Debug|Any CPU
		Release|Any CPU = Release|Any CPU
	EndGlobalSection
	GlobalSection(ProjectConfigurationPlatforms) = postSolution
		{42B9357C-1C8F-4CE1-8004-87FD9BA5D1D8}.Debug|Any CPU.ActiveCfg = Debug|Any CPU
		{42B9357C-1C8F-4CE1-8004-87FD9BA5D1D8}.Debug|Any CPU.Build.0 = Debug|Any CPU
		{42B9357C-1C8F-4CE1-8004-87FD9BA5D1D8}.Release|Any CPU.ActiveCfg = Release|Any CPU
		{42B9357C-1C8F-4CE1-8004-87FD9BA5D1D8}.Release|Any CPU.Build.0 = Release|Any CPU
		{24CC2B15-4D4D-488C-8B42-B1B7F489BF33}.Debug|Any CPU.ActiveCfg = Debug|Any CPU
		{24CC2B15-4D4D-488C-8B42-B1B7F489BF33}.Debug|Any CPU.Build.0 = Debug|Any CPU
		{24CC2B15-4D4D-488C-8B42-B1B7F489BF33}.Release|Any CPU.ActiveCfg = Release|Any CPU
		{24CC2B15-4D4D-488C-8B42-B1B7F489BF33}.Release|Any CPU.Build.0 = Release|Any CPU
		{3354971D-4772-4364-843F-A3CF91BC71B2}.Debug|Any CPU.ActiveCfg = Debug|Any CPU
		{3354971D-4772-4364-843F-A3CF91BC71B2}.Debug|Any CPU.Build.0 = Debug|Any CPU
		{3354971D-4772-4364-843F-A3CF91BC71B2}.Release|Any CPU.ActiveCfg = Release|Any CPU
		{3354971D-4772-4364-843F-A3CF91BC71B2}.Release|Any CPU.Build.0 = Release|Any CPU
		{420BC793-FAC4-458A-8AB8-5E6674AF8D39}.Debug|Any CPU.ActiveCfg = Debug|Any CPU
		{420BC793-FAC4-458A-8AB8-5E6674AF8D39}.Debug|Any CPU.Build.0 = Debug|Any CPU
		{420BC793-FAC4-458A-8AB8-5E6674AF8D39}.Release|Any CPU.ActiveCfg = Release|Any CPU
		{420BC793-FAC4-458A-8AB8-5E6674AF8D39}.Release|Any CPU.Build.0 = Release|Any CPU
		{2476F8A1-5018-414A-AF30-D75C7B189C25}.Debug|Any CPU.ActiveCfg = Debug|Any CPU
		{2476F8A1-5018-414A-AF30-D75C7B189C25}.Debug|Any CPU.Build.0 = Debug|Any CPU
		{2476F8A1-5018-414A-AF30-D75C7B189C25}.Release|Any CPU.ActiveCfg = Release|Any CPU
		{2476F8A1-5018-414A-AF30-D75C7B189C25}.Release|Any CPU.Build.0 = Release|Any CPU
	EndGlobalSection
	GlobalSection(SolutionProperties) = preSolution
		HideSolutionNode = FALSE
	EndGlobalSection
	GlobalSection(ExtensibilityGlobals) = postSolution
		SolutionGuid = {678D8648-BAFC-49F4-9D4E-A2CAB2F41AC7}
	EndGlobalSection
EndGlobal
